Microsoft Visual Studio Solution File, Format Version 12.00
# Visual Studio Version 16
VisualStudioVersion = 16.6.30114.105
MinimumVisualStudioVersion = 10.0.40219.1
Project("{9A19103F-16F7-4668-BE54-9A1E7A4F7556}") = "Solnet.Mango.Test", "Solnet.Mango.Test\Solnet.Mango.Test.csproj", "{BD4EB2AF-3BB3-4B1A-8C75-4A690B209949}"
EndProject
Project("{9A19103F-16F7-4668-BE54-9A1E7A4F7556}") = "Solnet.Mango", "Solnet.Mango\Solnet.Mango.csproj", "{71A4300E-545E-4754-99FD-BB1CBAD40CCA}"
EndProject
Project("{9A19103F-16F7-4668-BE54-9A1E7A4F7556}") = "Solnet.Mango.Examples", "Solnet.Mango.Examples\Solnet.Mango.Examples.csproj", "{9AC72DCB-8418-43C7-AFAB-9865265F2A40}"
EndProject
Project("{2150E333-8FDC-42A3-9474-1A3956D46DE8}") = "Solution Items", "Solution Items", "{858B6845-1DD5-4A55-A58C-A41DA98D0B0D}"
	ProjectSection(SolutionItems) = preProject
		.editorconfig = .editorconfig
		.gitignore = .gitignore
		build.cake = build.cake
		build.ps1 = build.ps1
		build.sh = build.sh
		cake.config = cake.config
		CODE_OF_CONDUCT.md = CODE_OF_CONDUCT.md
		CONTRIBUTING.rst = CONTRIBUTING.rst
		.github\workflows\dotnet.yml = .github\workflows\dotnet.yml
		LICENSE = LICENSE
		.github\workflows\publish.yml = .github\workflows\publish.yml
		PULL_REQUEST_TEMPLATE.md = PULL_REQUEST_TEMPLATE.md
		README.md = README.md
		SharedBuildProperties.props = SharedBuildProperties.props
		Solnet.Mango.sln.DotSettings = Solnet.Mango.sln.DotSettings
	EndProjectSection
EndProject
Project("{FAE04EC0-301F-11D3-BF4B-00C04F79EFBC}") = "Solnet.Mango.Historical", "Solnet.Mango.Historical\Solnet.Mango.Historical.csproj", "{DB20BC5F-41CD-43AB-8D87-39E0184AB608}"
EndProject
Project("{FAE04EC0-301F-11D3-BF4B-00C04F79EFBC}") = "Solnet.Mango.Historical.Test", "Solnet.Mango.Historical.Test\Solnet.Mango.Historical.Test.csproj", "{2C9E9D74-C56F-4D00-80B2-41E70DCC222E}"
EndProject
Global
	GlobalSection(SolutionConfigurationPlatforms) = preSolution
		Debug|Any CPU = Debug|Any CPU
		Debug|x64 = Debug|x64
		Debug|x86 = Debug|x86
		Release|Any CPU = Release|Any CPU
		Release|x64 = Release|x64
		Release|x86 = Release|x86
	EndGlobalSection
	GlobalSection(ProjectConfigurationPlatforms) = postSolution
		{BD4EB2AF-3BB3-4B1A-8C75-4A690B209949}.Debug|Any CPU.ActiveCfg = Debug|Any CPU
		{BD4EB2AF-3BB3-4B1A-8C75-4A690B209949}.Debug|Any CPU.Build.0 = Debug|Any CPU
		{BD4EB2AF-3BB3-4B1A-8C75-4A690B209949}.Debug|x64.ActiveCfg = Debug|Any CPU
		{BD4EB2AF-3BB3-4B1A-8C75-4A690B209949}.Debug|x64.Build.0 = Debug|Any CPU
		{BD4EB2AF-3BB3-4B1A-8C75-4A690B209949}.Debug|x86.ActiveCfg = Debug|Any CPU
		{BD4EB2AF-3BB3-4B1A-8C75-4A690B209949}.Debug|x86.Build.0 = Debug|Any CPU
		{BD4EB2AF-3BB3-4B1A-8C75-4A690B209949}.Release|Any CPU.ActiveCfg = Release|Any CPU
		{BD4EB2AF-3BB3-4B1A-8C75-4A690B209949}.Release|Any CPU.Build.0 = Release|Any CPU
		{BD4EB2AF-3BB3-4B1A-8C75-4A690B209949}.Release|x64.ActiveCfg = Release|Any CPU
		{BD4EB2AF-3BB3-4B1A-8C75-4A690B209949}.Release|x64.Build.0 = Release|Any CPU
		{BD4EB2AF-3BB3-4B1A-8C75-4A690B209949}.Release|x86.ActiveCfg = Release|Any CPU
		{BD4EB2AF-3BB3-4B1A-8C75-4A690B209949}.Release|x86.Build.0 = Release|Any CPU
		{71A4300E-545E-4754-99FD-BB1CBAD40CCA}.Debug|Any CPU.ActiveCfg = Debug|Any CPU
		{71A4300E-545E-4754-99FD-BB1CBAD40CCA}.Debug|Any CPU.Build.0 = Debug|Any CPU
		{71A4300E-545E-4754-99FD-BB1CBAD40CCA}.Debug|x64.ActiveCfg = Debug|Any CPU
		{71A4300E-545E-4754-99FD-BB1CBAD40CCA}.Debug|x64.Build.0 = Debug|Any CPU
		{71A4300E-545E-4754-99FD-BB1CBAD40CCA}.Debug|x86.ActiveCfg = Debug|Any CPU
		{71A4300E-545E-4754-99FD-BB1CBAD40CCA}.Debug|x86.Build.0 = Debug|Any CPU
		{71A4300E-545E-4754-99FD-BB1CBAD40CCA}.Release|Any CPU.ActiveCfg = Release|Any CPU
		{71A4300E-545E-4754-99FD-BB1CBAD40CCA}.Release|Any CPU.Build.0 = Release|Any CPU
		{71A4300E-545E-4754-99FD-BB1CBAD40CCA}.Release|x64.ActiveCfg = Release|Any CPU
		{71A4300E-545E-4754-99FD-BB1CBAD40CCA}.Release|x64.Build.0 = Release|Any CPU
		{71A4300E-545E-4754-99FD-BB1CBAD40CCA}.Release|x86.ActiveCfg = Release|Any CPU
		{71A4300E-545E-4754-99FD-BB1CBAD40CCA}.Release|x86.Build.0 = Release|Any CPU
		{9AC72DCB-8418-43C7-AFAB-9865265F2A40}.Debug|Any CPU.ActiveCfg = Debug|Any CPU
		{9AC72DCB-8418-43C7-AFAB-9865265F2A40}.Debug|Any CPU.Build.0 = Debug|Any CPU
		{9AC72DCB-8418-43C7-AFAB-9865265F2A40}.Debug|x64.ActiveCfg = Debug|Any CPU
		{9AC72DCB-8418-43C7-AFAB-9865265F2A40}.Debug|x64.Build.0 = Debug|Any CPU
		{9AC72DCB-8418-43C7-AFAB-9865265F2A40}.Debug|x86.ActiveCfg = Debug|Any CPU
		{9AC72DCB-8418-43C7-AFAB-9865265F2A40}.Debug|x86.Build.0 = Debug|Any CPU
		{9AC72DCB-8418-43C7-AFAB-9865265F2A40}.Release|Any CPU.ActiveCfg = Release|Any CPU
		{9AC72DCB-8418-43C7-AFAB-9865265F2A40}.Release|Any CPU.Build.0 = Release|Any CPU
		{9AC72DCB-8418-43C7-AFAB-9865265F2A40}.Release|x64.ActiveCfg = Release|Any CPU
		{9AC72DCB-8418-43C7-AFAB-9865265F2A40}.Release|x64.Build.0 = Release|Any CPU
		{9AC72DCB-8418-43C7-AFAB-9865265F2A40}.Release|x86.ActiveCfg = Release|Any CPU
		{9AC72DCB-8418-43C7-AFAB-9865265F2A40}.Release|x86.Build.0 = Release|Any CPU
		{DB20BC5F-41CD-43AB-8D87-39E0184AB608}.Debug|Any CPU.ActiveCfg = Debug|Any CPU
		{DB20BC5F-41CD-43AB-8D87-39E0184AB608}.Debug|Any CPU.Build.0 = Debug|Any CPU
		{DB20BC5F-41CD-43AB-8D87-39E0184AB608}.Debug|x64.ActiveCfg = Debug|Any CPU
		{DB20BC5F-41CD-43AB-8D87-39E0184AB608}.Debug|x64.Build.0 = Debug|Any CPU
		{DB20BC5F-41CD-43AB-8D87-39E0184AB608}.Debug|x86.ActiveCfg = Debug|Any CPU
		{DB20BC5F-41CD-43AB-8D87-39E0184AB608}.Debug|x86.Build.0 = Debug|Any CPU
		{DB20BC5F-41CD-43AB-8D87-39E0184AB608}.Release|Any CPU.ActiveCfg = Release|Any CPU
		{DB20BC5F-41CD-43AB-8D87-39E0184AB608}.Release|Any CPU.Build.0 = Release|Any CPU
		{DB20BC5F-41CD-43AB-8D87-39E0184AB608}.Release|x64.ActiveCfg = Release|Any CPU
		{DB20BC5F-41CD-43AB-8D87-39E0184AB608}.Release|x64.Build.0 = Release|Any CPU
		{DB20BC5F-41CD-43AB-8D87-39E0184AB608}.Release|x86.ActiveCfg = Release|Any CPU
		{DB20BC5F-41CD-43AB-8D87-39E0184AB608}.Release|x86.Build.0 = Release|Any CPU
		{2C9E9D74-C56F-4D00-80B2-41E70DCC222E}.Debug|Any CPU.ActiveCfg = Debug|Any CPU
		{2C9E9D74-C56F-4D00-80B2-41E70DCC222E}.Debug|Any CPU.Build.0 = Debug|Any CPU
		{2C9E9D74-C56F-4D00-80B2-41E70DCC222E}.Debug|x64.ActiveCfg = Debug|Any CPU
		{2C9E9D74-C56F-4D00-80B2-41E70DCC222E}.Debug|x64.Build.0 = Debug|Any CPU
		{2C9E9D74-C56F-4D00-80B2-41E70DCC222E}.Debug|x86.ActiveCfg = Debug|Any CPU
		{2C9E9D74-C56F-4D00-80B2-41E70DCC222E}.Debug|x86.Build.0 = Debug|Any CPU
		{2C9E9D74-C56F-4D00-80B2-41E70DCC222E}.Release|Any CPU.ActiveCfg = Release|Any CPU
		{2C9E9D74-C56F-4D00-80B2-41E70DCC222E}.Release|Any CPU.Build.0 = Release|Any CPU
		{2C9E9D74-C56F-4D00-80B2-41E70DCC222E}.Release|x64.ActiveCfg = Release|Any CPU
		{2C9E9D74-C56F-4D00-80B2-41E70DCC222E}.Release|x64.Build.0 = Release|Any CPU
		{2C9E9D74-C56F-4D00-80B2-41E70DCC222E}.Release|x86.ActiveCfg = Release|Any CPU
		{2C9E9D74-C56F-4D00-80B2-41E70DCC222E}.Release|x86.Build.0 = Release|Any CPU
	EndGlobalSection
	GlobalSection(SolutionProperties) = preSolution
		HideSolutionNode = FALSE
	EndGlobalSection
	GlobalSection(ExtensibilityGlobals) = postSolution
		SolutionGuid = {6EF0F656-3AFA-47BA-B972-4B4FB8D0D49E}
	EndGlobalSection
EndGlobal
